
Microsoft Visual Studio Solution File, Format Version 12.00
# Visual Studio Version 16
VisualStudioVersion = 16.0.32602.291
MinimumVisualStudioVersion = 10.0.40219.1
Project("{FAE04EC0-301F-11D3-BF4B-00C04F79EFBC}") = "FilmesAPI", "FilmesAPI\FilmesAPI.csproj", "{5F74A23F-ED23-498C-8770-A0BE78DE5547}"
EndProject
Global
	GlobalSection(SolutionConfigurationPlatforms) = preSolution
		Debug|Any CPU = Debug|Any CPU
		Release|Any CPU = Release|Any CPU
	EndGlobalSection
	GlobalSection(ProjectConfigurationPlatforms) = postSolution
		{5F74A23F-ED23-498C-8770-A0BE78DE5547}.Debug|Any CPU.ActiveCfg = Debug|Any CPU
		{5F74A23F-ED23-498C-8770-A0BE78DE5547}.Debug|Any CPU.Build.0 = Debug|Any CPU
		{5F74A23F-ED23-498C-8770-A0BE78DE5547}.Release|Any CPU.ActiveCfg = Release|Any CPU
		{5F74A23F-ED23-498C-8770-A0BE78DE5547}.Release|Any CPU.Build.0 = Release|Any CPU
	EndGlobalSection
	GlobalSection(SolutionProperties) = preSolution
		HideSolutionNode = FALSE
	EndGlobalSection
	GlobalSection(ExtensibilityGlobals) = postSolution
		SolutionGuid = {1DC9F7EC-40D6-4BBE-B8CD-B5747D96505D}
	EndGlobalSection
EndGlobal
